
Microsoft Visual Studio Solution File, Format Version 12.00
# Visual Studio Version 16
VisualStudioVersion = 16.0.28803.452
MinimumVisualStudioVersion = 10.0.40219.1
Project("{FAE04EC0-301F-11D3-BF4B-00C04F79EFBC}") = "Fakhravari.UWP", "Fakhravari\Fakhravari.UWP\Fakhravari.UWP.csproj", "{B389C89F-5BFF-482B-8E22-06AFAEEDAB17}"
EndProject
Project("{FAE04EC0-301F-11D3-BF4B-00C04F79EFBC}") = "Fakhravari.Android", "Fakhravari\Fakhravari.Android\Fakhravari.Android.csproj", "{33C0EDCC-742E-470F-8F00-FF046DD14089}"
EndProject
Project("{FAE04EC0-301F-11D3-BF4B-00C04F79EFBC}") = "Fakhravari.iOS", "Fakhravari\Fakhravari.iOS\Fakhravari.iOS.csproj", "{10F6E10A-87D2-4254-AFB7-3BECD555F246}"
EndProject
Project("{FAE04EC0-301F-11D3-BF4B-00C04F79EFBC}") = "Fakhravari", "Fakhravari\Fakhravari\Fakhravari.csproj", "{4AB25A55-9BB2-4FED-9CE3-D61DA73628C7}"
EndProject
Global
	GlobalSection(SolutionConfigurationPlatforms) = preSolution
		Debug|Any CPU = Debug|Any CPU
		Debug|ARM = Debug|ARM
		Debug|iPhone = Debug|iPhone
		Debug|iPhoneSimulator = Debug|iPhoneSimulator
		Debug|x64 = Debug|x64
		Debug|x86 = Debug|x86
		Release|Any CPU = Release|Any CPU
		Release|ARM = Release|ARM
		Release|iPhone = Release|iPhone
		Release|iPhoneSimulator = Release|iPhoneSimulator
		Release|x64 = Release|x64
		Release|x86 = Release|x86
	EndGlobalSection
	GlobalSection(ProjectConfigurationPlatforms) = postSolution
		{B389C89F-5BFF-482B-8E22-06AFAEEDAB17}.Debug|Any CPU.ActiveCfg = Debug|x86
		{B389C89F-5BFF-482B-8E22-06AFAEEDAB17}.Debug|Any CPU.Build.0 = Debug|x86
		{B389C89F-5BFF-482B-8E22-06AFAEEDAB17}.Debug|Any CPU.Deploy.0 = Debug|x86
		{B389C89F-5BFF-482B-8E22-06AFAEEDAB17}.Debug|ARM.ActiveCfg = Debug|ARM
		{B389C89F-5BFF-482B-8E22-06AFAEEDAB17}.Debug|ARM.Build.0 = Debug|ARM
		{B389C89F-5BFF-482B-8E22-06AFAEEDAB17}.Debug|ARM.Deploy.0 = Debug|ARM
		{B389C89F-5BFF-482B-8E22-06AFAEEDAB17}.Debug|iPhone.ActiveCfg = Debug|x86
		{B389C89F-5BFF-482B-8E22-06AFAEEDAB17}.Debug|iPhone.Build.0 = Debug|x86
		{B389C89F-5BFF-482B-8E22-06AFAEEDAB17}.Debug|iPhone.Deploy.0 = Debug|x86
		{B389C89F-5BFF-482B-8E22-06AFAEEDAB17}.Debug|iPhoneSimulator.ActiveCfg = Debug|x86
		{B389C89F-5BFF-482B-8E22-06AFAEEDAB17}.Debug|iPhoneSimulator.Build.0 = Debug|x86
		{B389C89F-5BFF-482B-8E22-06AFAEEDAB17}.Debug|iPhoneSimulator.Deploy.0 = Debug|x86
		{B389C89F-5BFF-482B-8E22-06AFAEEDAB17}.Debug|x64.ActiveCfg = Debug|x64
		{B389C89F-5BFF-482B-8E22-06AFAEEDAB17}.Debug|x64.Build.0 = Debug|x64
		{B389C89F-5BFF-482B-8E22-06AFAEEDAB17}.Debug|x64.Deploy.0 = Debug|x64
		{B389C89F-5BFF-482B-8E22-06AFAEEDAB17}.Debug|x86.ActiveCfg = Debug|x86
		{B389C89F-5BFF-482B-8E22-06AFAEEDAB17}.Debug|x86.Build.0 = Debug|x86
		{B389C89F-5BFF-482B-8E22-06AFAEEDAB17}.Debug|x86.Deploy.0 = Debug|x86
		{B389C89F-5BFF-482B-8E22-06AFAEEDAB17}.Release|Any CPU.ActiveCfg = Release|x86
		{B389C89F-5BFF-482B-8E22-06AFAEEDAB17}.Release|Any CPU.Build.0 = Release|x86
		{B389C89F-5BFF-482B-8E22-06AFAEEDAB17}.Release|Any CPU.Deploy.0 = Release|x86
		{B389C89F-5BFF-482B-8E22-06AFAEEDAB17}.Release|ARM.ActiveCfg = Release|ARM
		{B389C89F-5BFF-482B-8E22-06AFAEEDAB17}.Release|ARM.Build.0 = Release|ARM
		{B389C89F-5BFF-482B-8E22-06AFAEEDAB17}.Release|ARM.Deploy.0 = Release|ARM
		{B389C89F-5BFF-482B-8E22-06AFAEEDAB17}.Release|iPhone.ActiveCfg = Release|x86
		{B389C89F-5BFF-482B-8E22-06AFAEEDAB17}.Release|iPhone.Build.0 = Release|x86
		{B389C89F-5BFF-482B-8E22-06AFAEEDAB17}.Release|iPhone.Deploy.0 = Release|x86
		{B389C89F-5BFF-482B-8E22-06AFAEEDAB17}.Release|iPhoneSimulator.ActiveCfg = Release|x86
		{B389C89F-5BFF-482B-8E22-06AFAEEDAB17}.Release|iPhoneSimulator.Build.0 = Release|x86
		{B389C89F-5BFF-482B-8E22-06AFAEEDAB17}.Release|iPhoneSimulator.Deploy.0 = Release|x86
		{B389C89F-5BFF-482B-8E22-06AFAEEDAB17}.Release|x64.ActiveCfg = Release|x64
		{B389C89F-5BFF-482B-8E22-06AFAEEDAB17}.Release|x64.Build.0 = Release|x64
		{B389C89F-5BFF-482B-8E22-06AFAEEDAB17}.Release|x64.Deploy.0 = Release|x64
		{B389C89F-5BFF-482B-8E22-06AFAEEDAB17}.Release|x86.ActiveCfg = Release|x86
		{B389C89F-5BFF-482B-8E22-06AFAEEDAB17}.Release|x86.Build.0 = Release|x86
		{B389C89F-5BFF-482B-8E22-06AFAEEDAB17}.Release|x86.Deploy.0 = Release|x86
		{33C0EDCC-742E-470F-8F00-FF046DD14089}.Debug|Any CPU.ActiveCfg = Debug|Any CPU
		{33C0EDCC-742E-470F-8F00-FF046DD14089}.Debug|Any CPU.Build.0 = Debug|Any CPU
		{33C0EDCC-742E-470F-8F00-FF046DD14089}.Debug|Any CPU.Deploy.0 = Debug|Any CPU
		{33C0EDCC-742E-470F-8F00-FF046DD14089}.Debug|ARM.ActiveCfg = Debug|Any CPU
		{33C0EDCC-742E-470F-8F00-FF046DD14089}.Debug|ARM.Build.0 = Debug|Any CPU
		{33C0EDCC-742E-470F-8F00-FF046DD14089}.Debug|ARM.Deploy.0 = Debug|Any CPU
		{33C0EDCC-742E-470F-8F00-FF046DD14089}.Debug|iPhone.ActiveCfg = Debug|Any CPU
		{33C0EDCC-742E-470F-8F00-FF046DD14089}.Debug|iPhone.Build.0 = Debug|Any CPU
		{33C0EDCC-742E-470F-8F00-FF046DD14089}.Debug|iPhone.Deploy.0 = Debug|Any CPU
		{33C0EDCC-742E-470F-8F00-FF046DD14089}.Debug|iPhoneSimulator.ActiveCfg = Debug|Any CPU
		{33C0EDCC-742E-470F-8F00-FF046DD14089}.Debug|iPhoneSimulator.Build.0 = Debug|Any CPU
		{33C0EDCC-742E-470F-8F00-FF046DD14089}.Debug|iPhoneSimulator.Deploy.0 = Debug|Any CPU
		{33C0EDCC-742E-470F-8F00-FF046DD14089}.Debug|x64.ActiveCfg = Debug|Any CPU
		{33C0EDCC-742E-470F-8F00-FF046DD14089}.Debug|x64.Build.0 = Debug|Any CPU
		{33C0EDCC-742E-470F-8F00-FF046DD14089}.Debug|x64.Deploy.0 = Debug|Any CPU
		{33C0EDCC-742E-470F-8F00-FF046DD14089}.Debug|x86.ActiveCfg = Debug|Any CPU
		{33C0EDCC-742E-470F-8F00-FF046DD14089}.Debug|x86.Build.0 = Debug|Any CPU
		{33C0EDCC-742E-470F-8F00-FF046DD14089}.Debug|x86.Deploy.0 = Debug|Any CPU
		{33C0EDCC-742E-470F-8F00-FF046DD14089}.Release|Any CPU.ActiveCfg = Release|Any CPU
		{33C0EDCC-742E-470F-8F00-FF046DD14089}.Release|Any CPU.Build.0 = Release|Any CPU
		{33C0EDCC-742E-470F-8F00-FF046DD14089}.Release|Any CPU.Deploy.0 = Release|Any CPU
		{33C0EDCC-742E-470F-8F00-FF046DD14089}.Release|ARM.ActiveCfg = Release|Any CPU
		{33C0EDCC-742E-470F-8F00-FF046DD14089}.Release|ARM.Build.0 = Release|Any CPU
		{33C0EDCC-742E-470F-8F00-FF046DD14089}.Release|ARM.Deploy.0 = Release|Any CPU
		{33C0EDCC-742E-470F-8F00-FF046DD14089}.Release|iPhone.ActiveCfg = Release|Any CPU
		{33C0EDCC-742E-470F-8F00-FF046DD14089}.Release|iPhone.Build.0 = Release|Any CPU
		{33C0EDCC-742E-470F-8F00-FF046DD14089}.Release|iPhone.Deploy.0 = Release|Any CPU
		{33C0EDCC-742E-470F-8F00-FF046DD14089}.Release|iPhoneSimulator.ActiveCfg = Release|Any CPU
		{33C0EDCC-742E-470F-8F00-FF046DD14089}.Release|iPhoneSimulator.Build.0 = Release|Any CPU
		{33C0EDCC-742E-470F-8F00-FF046DD14089}.Release|iPhoneSimulator.Deploy.0 = Release|Any CPU
		{33C0EDCC-742E-470F-8F00-FF046DD14089}.Release|x64.ActiveCfg = Release|Any CPU
		{33C0EDCC-742E-470F-8F00-FF046DD14089}.Release|x64.Build.0 = Release|Any CPU
		{33C0EDCC-742E-470F-8F00-FF046DD14089}.Release|x64.Deploy.0 = Release|Any CPU
		{33C0EDCC-742E-470F-8F00-FF046DD14089}.Release|x86.ActiveCfg = Release|Any CPU
		{33C0EDCC-742E-470F-8F00-FF046DD14089}.Release|x86.Build.0 = Release|Any CPU
		{33C0EDCC-742E-470F-8F00-FF046DD14089}.Release|x86.Deploy.0 = Release|Any CPU
		{10F6E10A-87D2-4254-AFB7-3BECD555F246}.Debug|Any CPU.ActiveCfg = Debug|iPhone
		{10F6E10A-87D2-4254-AFB7-3BECD555F246}.Debug|Any CPU.Build.0 = Debug|iPhone
		{10F6E10A-87D2-4254-AFB7-3BECD555F246}.Debug|Any CPU.Deploy.0 = Debug|iPhone
		{10F6E10A-87D2-4254-AFB7-3BECD555F246}.Debug|ARM.ActiveCfg = Debug|iPhoneSimulator
		{10F6E10A-87D2-4254-AFB7-3BECD555F246}.Debug|ARM.Build.0 = Debug|iPhoneSimulator
		{10F6E10A-87D2-4254-AFB7-3BECD555F246}.Debug|ARM.Deploy.0 = Debug|iPhoneSimulator
		{10F6E10A-87D2-4254-AFB7-3BECD555F246}.Debug|iPhone.ActiveCfg = Debug|iPhone
		{10F6E10A-87D2-4254-AFB7-3BECD555F246}.Debug|iPhone.Build.0 = Debug|iPhone
		{10F6E10A-87D2-4254-AFB7-3BECD555F246}.Debug|iPhone.Deploy.0 = Debug|iPhone
		{10F6E10A-87D2-4254-AFB7-3BECD555F246}.Debug|iPhoneSimulator.ActiveCfg = Debug|iPhoneSimulator
		{10F6E10A-87D2-4254-AFB7-3BECD555F246}.Debug|iPhoneSimulator.Build.0 = Debug|iPhoneSimulator
		{10F6E10A-87D2-4254-AFB7-3BECD555F246}.Debug|iPhoneSimulator.Deploy.0 = Debug|iPhoneSimulator
		{10F6E10A-87D2-4254-AFB7-3BECD555F246}.Debug|x64.ActiveCfg = Debug|iPhone
		{10F6E10A-87D2-4254-AFB7-3BECD555F246}.Debug|x64.Build.0 = Debug|iPhone
		{10F6E10A-87D2-4254-AFB7-3BECD555F246}.Debug|x64.Deploy.0 = Debug|iPhone
		{10F6E10A-87D2-4254-AFB7-3BECD555F246}.Debug|x86.ActiveCfg = Debug|iPhone
		{10F6E10A-87D2-4254-AFB7-3BECD555F246}.Debug|x86.Build.0 = Debug|iPhone
		{10F6E10A-87D2-4254-AFB7-3BECD555F246}.Debug|x86.Deploy.0 = Debug|iPhone
		{10F6E10A-87D2-4254-AFB7-3BECD555F246}.Release|Any CPU.ActiveCfg = Release|iPhone
		{10F6E10A-87D2-4254-AFB7-3BECD555F246}.Release|Any CPU.Build.0 = Release|iPhone
		{10F6E10A-87D2-4254-AFB7-3BECD555F246}.Release|Any CPU.Deploy.0 = Release|iPhone
		{10F6E10A-87D2-4254-AFB7-3BECD555F246}.Release|ARM.ActiveCfg = Release|iPhone
		{10F6E10A-87D2-4254-AFB7-3BECD555F246}.Release|ARM.Build.0 = Release|iPhone
		{10F6E10A-87D2-4254-AFB7-3BECD555F246}.Release|ARM.Deploy.0 = Release|iPhone
		{10F6E10A-87D2-4254-AFB7-3BECD555F246}.Release|iPhone.ActiveCfg = Release|iPhone
		{10F6E10A-87D2-4254-AFB7-3BECD555F246}.Release|iPhone.Build.0 = Release|iPhone
		{10F6E10A-87D2-4254-AFB7-3BECD555F246}.Release|iPhone.Deploy.0 = Release|iPhone
		{10F6E10A-87D2-4254-AFB7-3BECD555F246}.Release|iPhoneSimulator.ActiveCfg = Release|iPhoneSimulator
		{10F6E10A-87D2-4254-AFB7-3BECD555F246}.Release|iPhoneSimulator.Build.0 = Release|iPhoneSimulator
		{10F6E10A-87D2-4254-AFB7-3BECD555F246}.Release|iPhoneSimulator.Deploy.0 = Release|iPhoneSimulator
		{10F6E10A-87D2-4254-AFB7-3BECD555F246}.Release|x64.ActiveCfg = Release|iPhone
		{10F6E10A-87D2-4254-AFB7-3BECD555F246}.Release|x64.Build.0 = Release|iPhone
		{10F6E10A-87D2-4254-AFB7-3BECD555F246}.Release|x64.Deploy.0 = Release|iPhone
		{10F6E10A-87D2-4254-AFB7-3BECD555F246}.Release|x86.ActiveCfg = Release|iPhone
		{10F6E10A-87D2-4254-AFB7-3BECD555F246}.Release|x86.Build.0 = Release|iPhone
		{10F6E10A-87D2-4254-AFB7-3BECD555F246}.Release|x86.Deploy.0 = Release|iPhone
		{4AB25A55-9BB2-4FED-9CE3-D61DA73628C7}.Debug|Any CPU.ActiveCfg = Debug|Any CPU
		{4AB25A55-9BB2-4FED-9CE3-D61DA73628C7}.Debug|Any CPU.Build.0 = Debug|Any CPU
		{4AB25A55-9BB2-4FED-9CE3-D61DA73628C7}.Debug|Any CPU.Deploy.0 = Debug|Any CPU
		{4AB25A55-9BB2-4FED-9CE3-D61DA73628C7}.Debug|ARM.ActiveCfg = Debug|Any CPU
		{4AB25A55-9BB2-4FED-9CE3-D61DA73628C7}.Debug|ARM.Build.0 = Debug|Any CPU
		{4AB25A55-9BB2-4FED-9CE3-D61DA73628C7}.Debug|ARM.Deploy.0 = Debug|Any CPU
		{4AB25A55-9BB2-4FED-9CE3-D61DA73628C7}.Debug|iPhone.ActiveCfg = Debug|Any CPU
		{4AB25A55-9BB2-4FED-9CE3-D61DA73628C7}.Debug|iPhone.Build.0 = Debug|Any CPU
		{4AB25A55-9BB2-4FED-9CE3-D61DA73628C7}.Debug|iPhone.Deploy.0 = Debug|Any CPU
		{4AB25A55-9BB2-4FED-9CE3-D61DA73628C7}.Debug|iPhoneSimulator.ActiveCfg = Debug|Any CPU
		{4AB25A55-9BB2-4FED-9CE3-D61DA73628C7}.Debug|iPhoneSimulator.Build.0 = Debug|Any CPU
		{4AB25A55-9BB2-4FED-9CE3-D61DA73628C7}.Debug|iPhoneSimulator.Deploy.0 = Debug|Any CPU
		{4AB25A55-9BB2-4FED-9CE3-D61DA73628C7}.Debug|x64.ActiveCfg = Debug|Any CPU
		{4AB25A55-9BB2-4FED-9CE3-D61DA73628C7}.Debug|x64.Build.0 = Debug|Any CPU
		{4AB25A55-9BB2-4FED-9CE3-D61DA73628C7}.Debug|x64.Deploy.0 = Debug|Any CPU
		{4AB25A55-9BB2-4FED-9CE3-D61DA73628C7}.Debug|x86.ActiveCfg = Debug|Any CPU
		{4AB25A55-9BB2-4FED-9CE3-D61DA73628C7}.Debug|x86.Build.0 = Debug|Any CPU
		{4AB25A55-9BB2-4FED-9CE3-D61DA73628C7}.Debug|x86.Deploy.0 = Debug|Any CPU
		{4AB25A55-9BB2-4FED-9CE3-D61DA73628C7}.Release|Any CPU.ActiveCfg = Release|Any CPU
		{4AB25A55-9BB2-4FED-9CE3-D61DA73628C7}.Release|Any CPU.Build.0 = Release|Any CPU
		{4AB25A55-9BB2-4FED-9CE3-D61DA73628C7}.Release|Any CPU.Deploy.0 = Release|Any CPU
		{4AB25A55-9BB2-4FED-9CE3-D61DA73628C7}.Release|ARM.ActiveCfg = Release|Any CPU
		{4AB25A55-9BB2-4FED-9CE3-D61DA73628C7}.Release|ARM.Build.0 = Release|Any CPU
		{4AB25A55-9BB2-4FED-9CE3-D61DA73628C7}.Release|ARM.Deploy.0 = Release|Any CPU
		{4AB25A55-9BB2-4FED-9CE3-D61DA73628C7}.Release|iPhone.ActiveCfg = Release|Any CPU
		{4AB25A55-9BB2-4FED-9CE3-D61DA73628C7}.Release|iPhone.Build.0 = Release|Any CPU
		{4AB25A55-9BB2-4FED-9CE3-D61DA73628C7}.Release|iPhone.Deploy.0 = Release|Any CPU
		{4AB25A55-9BB2-4FED-9CE3-D61DA73628C7}.Release|iPhoneSimulator.ActiveCfg = Release|Any CPU
		{4AB25A55-9BB2-4FED-9CE3-D61DA73628C7}.Release|iPhoneSimulator.Build.0 = Release|Any CPU
		{4AB25A55-9BB2-4FED-9CE3-D61DA73628C7}.Release|iPhoneSimulator.Deploy.0 = Release|Any CPU
		{4AB25A55-9BB2-4FED-9CE3-D61DA73628C7}.Release|x64.ActiveCfg = Release|Any CPU
		{4AB25A55-9BB2-4FED-9CE3-D61DA73628C7}.Release|x64.Build.0 = Release|Any CPU
		{4AB25A55-9BB2-4FED-9CE3-D61DA73628C7}.Release|x64.Deploy.0 = Release|Any CPU
		{4AB25A55-9BB2-4FED-9CE3-D61DA73628C7}.Release|x86.ActiveCfg = Release|Any CPU
		{4AB25A55-9BB2-4FED-9CE3-D61DA73628C7}.Release|x86.Build.0 = Release|Any CPU
		{4AB25A55-9BB2-4FED-9CE3-D61DA73628C7}.Release|x86.Deploy.0 = Release|Any CPU
	EndGlobalSection
	GlobalSection(SolutionProperties) = preSolution
		HideSolutionNode = FALSE
	EndGlobalSection
	GlobalSection(ExtensibilityGlobals) = postSolution
		SolutionGuid = {2D7211CC-C819-4E49-9066-09889DDFCE8A}
	EndGlobalSection
EndGlobal
